
Microsoft Visual Studio Solution File, Format Version 12.00
# Visual Studio 2013
VisualStudioVersion = 12.0.21005.1
MinimumVisualStudioVersion = 10.0.40219.1
Project("{FAE04EC0-301F-11D3-BF4B-00C04F79EFBC}") = "NodeGraphControl", "NodeGraphControl\NodeGraphControl.csproj", "{DFC6EB64-ADB7-42A3-AB75-67B3D75685D9}"
EndProject
Project("{FAE04EC0-301F-11D3-BF4B-00C04F79EFBC}") = "NodeGraph.TestApplication", "NodeGraph.TestApplication\NodeGraph.TestApplication.csproj", "{BDEED4C7-DC17-46AC-9D38-05205E66BFE7}"
EndProject
Global
	GlobalSection(SolutionConfigurationPlatforms) = preSolution
		Debug|Any CPU = Debug|Any CPU
		Release|Any CPU = Release|Any CPU
	EndGlobalSection
	GlobalSection(ProjectConfigurationPlatforms) = postSolution
		{DFC6EB64-ADB7-42A3-AB75-67B3D75685D9}.Debug|Any CPU.ActiveCfg = Debug|Any CPU
		{DFC6EB64-ADB7-42A3-AB75-67B3D75685D9}.Debug|Any CPU.Build.0 = Debug|Any CPU
		{DFC6EB64-ADB7-42A3-AB75-67B3D75685D9}.Release|Any CPU.ActiveCfg = Release|Any CPU
		{DFC6EB64-ADB7-42A3-AB75-67B3D75685D9}.Release|Any CPU.Build.0 = Release|Any CPU
		{BDEED4C7-DC17-46AC-9D38-05205E66BFE7}.Debug|Any CPU.ActiveCfg = Debug|Any CPU
		{BDEED4C7-DC17-46AC-9D38-05205E66BFE7}.Debug|Any CPU.Build.0 = Debug|Any CPU
		{BDEED4C7-DC17-46AC-9D38-05205E66BFE7}.Release|Any CPU.ActiveCfg = Release|Any CPU
		{BDEED4C7-DC17-46AC-9D38-05205E66BFE7}.Release|Any CPU.Build.0 = Release|Any CPU
	EndGlobalSection
	GlobalSection(SolutionProperties) = preSolution
		HideSolutionNode = FALSE
	EndGlobalSection
EndGlobal
